
Microsoft Visual Studio Solution File, Format Version 12.00
# Visual Studio 2013
VisualStudioVersion = 12.0.31101.0
MinimumVisualStudioVersion = 10.0.40219.1
Project("{FAE04EC0-301F-11D3-BF4B-00C04F79EFBC}") = "Jal.Locator", "Jal.Locator\Jal.Locator.csproj", "{701994C3-6D08-4F98-9152-3C498CA2483F}"
EndProject
Project("{FAE04EC0-301F-11D3-BF4B-00C04F79EFBC}") = "Jal.Locator.CastleWindsor", "Jal.Locator.CastleWindsor\Jal.Locator.CastleWindsor.csproj", "{01B58D88-6E58-43F2-BD60-74FAF332871E}"
EndProject
Project("{FAE04EC0-301F-11D3-BF4B-00C04F79EFBC}") = "Jal.Locator.Tests", "Jal.Locator.Tests\Jal.Locator.Tests.csproj", "{EBB99D57-2563-4FDB-904F-D46FA243889C}"
EndProject
Project("{2150E333-8FDC-42A3-9474-1A3956D46DE8}") = ".nuget", ".nuget", "{88C8D759-A09D-4CBA-8A8C-0F158F2904DA}"
	ProjectSection(SolutionItems) = preProject
		.nuget\packages.config = .nuget\packages.config
	EndProjectSection
EndProject
Project("{FAE04EC0-301F-11D3-BF4B-00C04F79EFBC}") = "Jal.Locator.LightInject", "Jal.Locator.LightInject\Jal.Locator.LightInject.csproj", "{A241564A-013D-4E4D-9530-45E0EE778A8F}"
EndProject
Global
	GlobalSection(SolutionConfigurationPlatforms) = preSolution
		Debug|Any CPU = Debug|Any CPU
		Release|Any CPU = Release|Any CPU
	EndGlobalSection
	GlobalSection(ProjectConfigurationPlatforms) = postSolution
		{701994C3-6D08-4F98-9152-3C498CA2483F}.Debug|Any CPU.ActiveCfg = Debug|Any CPU
		{701994C3-6D08-4F98-9152-3C498CA2483F}.Debug|Any CPU.Build.0 = Debug|Any CPU
		{701994C3-6D08-4F98-9152-3C498CA2483F}.Release|Any CPU.ActiveCfg = Release|Any CPU
		{701994C3-6D08-4F98-9152-3C498CA2483F}.Release|Any CPU.Build.0 = Release|Any CPU
		{01B58D88-6E58-43F2-BD60-74FAF332871E}.Debug|Any CPU.ActiveCfg = Debug|Any CPU
		{01B58D88-6E58-43F2-BD60-74FAF332871E}.Debug|Any CPU.Build.0 = Debug|Any CPU
		{01B58D88-6E58-43F2-BD60-74FAF332871E}.Release|Any CPU.ActiveCfg = Release|Any CPU
		{01B58D88-6E58-43F2-BD60-74FAF332871E}.Release|Any CPU.Build.0 = Release|Any CPU
		{EBB99D57-2563-4FDB-904F-D46FA243889C}.Debug|Any CPU.ActiveCfg = Debug|Any CPU
		{EBB99D57-2563-4FDB-904F-D46FA243889C}.Debug|Any CPU.Build.0 = Debug|Any CPU
		{EBB99D57-2563-4FDB-904F-D46FA243889C}.Release|Any CPU.ActiveCfg = Release|Any CPU
		{EBB99D57-2563-4FDB-904F-D46FA243889C}.Release|Any CPU.Build.0 = Release|Any CPU
		{A241564A-013D-4E4D-9530-45E0EE778A8F}.Debug|Any CPU.ActiveCfg = Debug|Any CPU
		{A241564A-013D-4E4D-9530-45E0EE778A8F}.Debug|Any CPU.Build.0 = Debug|Any CPU
		{A241564A-013D-4E4D-9530-45E0EE778A8F}.Release|Any CPU.ActiveCfg = Release|Any CPU
		{A241564A-013D-4E4D-9530-45E0EE778A8F}.Release|Any CPU.Build.0 = Release|Any CPU
	EndGlobalSection
	GlobalSection(SolutionProperties) = preSolution
		HideSolutionNode = FALSE
	EndGlobalSection
EndGlobal
